
Microsoft Visual Studio Solution File, Format Version 12.00
Project("{FAE04EC0-301F-11D3-BF4B-00C04F79EFBC}") = "Broccoli", "Broccoli\Broccoli.csproj", "{9B09FA73-470C-46CC-AF84-9ABD0FC52143}"
EndProject
Project("{FAE04EC0-301F-11D3-BF4B-00C04F79EFBC}") = "Infrastructure", "Infrastructure\Infrastructure.csproj", "{E65BAC02-F066-43EA-8B5A-C70E98692EDD}"
EndProject
Project("{FAE04EC0-301F-11D3-BF4B-00C04F79EFBC}") = "Models", "Models\Models.csproj", "{6766DD44-578F-4282-BDE1-EA2CB07F24ED}"
EndProject
Project("{FAE04EC0-301F-11D3-BF4B-00C04F79EFBC}") = "Domain", "Domain\Domain.csproj", "{E8DBDC4F-2FEE-4BEF-8F0C-5D0F9AC5CDA5}"
EndProject
Project("{2150E333-8FDC-42A3-9474-1A3956D46DE8}") = "UI", "UI", "{1FBBBE2B-DF44-40C0-815D-D545B577D075}"
EndProject
Project("{2150E333-8FDC-42A3-9474-1A3956D46DE8}") = "Domain", "Domain", "{ACF4848C-FD05-4ADF-B392-4FB0687D989B}"
EndProject
Project("{2150E333-8FDC-42A3-9474-1A3956D46DE8}") = "Blocks", "Blocks", "{7B85169B-FE8C-432D-B844-13988CB22328}"
EndProject
Project("{FAE04EC0-301F-11D3-BF4B-00C04F79EFBC}") = "UI.Block.Base", "UI.Block.Base\UI.Block.Base.csproj", "{BF5ADA40-DF75-4366-A6B4-2882FFA80584}"
EndProject
Global
	GlobalSection(SolutionConfigurationPlatforms) = preSolution
		Debug|Any CPU = Debug|Any CPU
		Release|Any CPU = Release|Any CPU
	EndGlobalSection
	GlobalSection(ProjectConfigurationPlatforms) = postSolution
		{9B09FA73-470C-46CC-AF84-9ABD0FC52143}.Debug|Any CPU.ActiveCfg = Debug|Any CPU
		{9B09FA73-470C-46CC-AF84-9ABD0FC52143}.Debug|Any CPU.Build.0 = Debug|Any CPU
		{9B09FA73-470C-46CC-AF84-9ABD0FC52143}.Release|Any CPU.ActiveCfg = Release|Any CPU
		{9B09FA73-470C-46CC-AF84-9ABD0FC52143}.Release|Any CPU.Build.0 = Release|Any CPU
		{E65BAC02-F066-43EA-8B5A-C70E98692EDD}.Debug|Any CPU.ActiveCfg = Debug|Any CPU
		{E65BAC02-F066-43EA-8B5A-C70E98692EDD}.Debug|Any CPU.Build.0 = Debug|Any CPU
		{E65BAC02-F066-43EA-8B5A-C70E98692EDD}.Release|Any CPU.ActiveCfg = Release|Any CPU
		{E65BAC02-F066-43EA-8B5A-C70E98692EDD}.Release|Any CPU.Build.0 = Release|Any CPU
		{6766DD44-578F-4282-BDE1-EA2CB07F24ED}.Debug|Any CPU.ActiveCfg = Debug|Any CPU
		{6766DD44-578F-4282-BDE1-EA2CB07F24ED}.Debug|Any CPU.Build.0 = Debug|Any CPU
		{6766DD44-578F-4282-BDE1-EA2CB07F24ED}.Release|Any CPU.ActiveCfg = Release|Any CPU
		{6766DD44-578F-4282-BDE1-EA2CB07F24ED}.Release|Any CPU.Build.0 = Release|Any CPU
		{E8DBDC4F-2FEE-4BEF-8F0C-5D0F9AC5CDA5}.Debug|Any CPU.ActiveCfg = Debug|Any CPU
		{E8DBDC4F-2FEE-4BEF-8F0C-5D0F9AC5CDA5}.Debug|Any CPU.Build.0 = Debug|Any CPU
		{E8DBDC4F-2FEE-4BEF-8F0C-5D0F9AC5CDA5}.Release|Any CPU.ActiveCfg = Release|Any CPU
		{E8DBDC4F-2FEE-4BEF-8F0C-5D0F9AC5CDA5}.Release|Any CPU.Build.0 = Release|Any CPU
		{BF5ADA40-DF75-4366-A6B4-2882FFA80584}.Debug|Any CPU.ActiveCfg = Debug|Any CPU
		{BF5ADA40-DF75-4366-A6B4-2882FFA80584}.Debug|Any CPU.Build.0 = Debug|Any CPU
		{BF5ADA40-DF75-4366-A6B4-2882FFA80584}.Release|Any CPU.ActiveCfg = Release|Any CPU
		{BF5ADA40-DF75-4366-A6B4-2882FFA80584}.Release|Any CPU.Build.0 = Release|Any CPU
	EndGlobalSection
	GlobalSection(NestedProjects) = preSolution
		{6766DD44-578F-4282-BDE1-EA2CB07F24ED} = {ACF4848C-FD05-4ADF-B392-4FB0687D989B}
		{E65BAC02-F066-43EA-8B5A-C70E98692EDD} = {ACF4848C-FD05-4ADF-B392-4FB0687D989B}
		{E8DBDC4F-2FEE-4BEF-8F0C-5D0F9AC5CDA5} = {ACF4848C-FD05-4ADF-B392-4FB0687D989B}
		{7B85169B-FE8C-432D-B844-13988CB22328} = {1FBBBE2B-DF44-40C0-815D-D545B577D075}
		{BF5ADA40-DF75-4366-A6B4-2882FFA80584} = {7B85169B-FE8C-432D-B844-13988CB22328}
	EndGlobalSection
EndGlobal
